// !$*UTF8*$!
{
	archiveVersion = 1;
	classes = {
	};
	objectVersion = 51;
	objects = {

/* Begin PBXBuildFile section */
		455FC0DC260CBBB2001406B1 /* AppDelegate.swift in Sources */ = {isa = PBXBuildFile; fileRef = 455FC0DB260CBBB2001406B1 /* AppDelegate.swift */; };
		455FC0DE260CBBB2001406B1 /* SceneDelegate.swift in Sources */ = {isa = PBXBuildFile; fileRef = 455FC0DD260CBBB2001406B1 /* SceneDelegate.swift */; };
		455FC0E0260CBBB2001406B1 /* ViewController.swift in Sources */ = {isa = PBXBuildFile; fileRef = 455FC0DF260CBBB2001406B1 /* ViewController.swift */; };
		455FC0E6260CBBB2001406B1 /* Chaos.xcdatamodeld in Sources */ = {isa = PBXBuildFile; fileRef = 455FC0E4260CBBB2001406B1 /* Chaos.xcdatamodeld */; };
		455FC0E8260CBBB4001406B1 /* Assets.xcassets in Resources */ = {isa = PBXBuildFile; fileRef = 455FC0E7260CBBB4001406B1 /* Assets.xcassets */; };
		455FC0EB260CBBB4001406B1 /* LaunchScreen.storyboard in Resources */ = {isa = PBXBuildFile; fileRef = 455FC0E9260CBBB4001406B1 /* LaunchScreen.storyboard */; };
		4577C6D8260D056B005AC95E /* ProgressHUD.swift in Sources */ = {isa = PBXBuildFile; fileRef = 4577C6D7260D056B005AC95E /* ProgressHUD.swift */; };
		4577C6F7260D05A2005AC95E /* AppNotifCenterName.swift in Sources */ = {isa = PBXBuildFile; fileRef = 4577C6F6260D05A2005AC95E /* AppNotifCenterName.swift */; };
		4577C6FC260D05F4005AC95E /* ChaosENVManager.swift in Sources */ = {isa = PBXBuildFile; fileRef = 4577C6FB260D05F4005AC95E /* ChaosENVManager.swift */; };
		4577C705260D074B005AC95E /* UIColor+Hex.swift in Sources */ = {isa = PBXBuildFile; fileRef = 4577C704260D074B005AC95E /* UIColor+Hex.swift */; };
		4577C715260D78EB005AC95E /* UIView+Shimmer.swift in Sources */ = {isa = PBXBuildFile; fileRef = 4577C714260D78EB005AC95E /* UIView+Shimmer.swift */; };
		4577C71A260D7956005AC95E /* UIView+Helpers.swift in Sources */ = {isa = PBXBuildFile; fileRef = 4577C719260D7956005AC95E /* UIView+Helpers.swift */; };
		4577C71F260D7995005AC95E /* UIViewController+Alert.swift in Sources */ = {isa = PBXBuildFile; fileRef = 4577C71E260D7995005AC95E /* UIViewController+Alert.swift */; };
		4577C724260D79DA005AC95E /* UIViewController+Current.swift in Sources */ = {isa = PBXBuildFile; fileRef = 4577C723260D79DA005AC95E /* UIViewController+Current.swift */; };
		4577C729260D7A22005AC95E /* AppDefaults.swift in Sources */ = {isa = PBXBuildFile; fileRef = 4577C728260D7A22005AC95E /* AppDefaults.swift */; };
		4577C72E260D7A5B005AC95E /* AppSharedData.swift in Sources */ = {isa = PBXBuildFile; fileRef = 4577C72D260D7A5B005AC95E /* AppSharedData.swift */; };
		4577C743260D7AB6005AC95E /* Reachability.swift in Sources */ = {isa = PBXBuildFile; fileRef = 4577C742260D7AB6005AC95E /* Reachability.swift */; };
		4577C74B260D7AE9005AC95E /* CoreService.swift in Sources */ = {isa = PBXBuildFile; fileRef = 4577C74A260D7AE9005AC95E /* CoreService.swift */; };
		45C8A59A260CE86E005A1E69 /* ChaosTests.swift in Sources */ = {isa = PBXBuildFile; fileRef = 45C8A599260CE86E005A1E69 /* ChaosTests.swift */; };
		45C8A5AA260CE877005A1E69 /* ChaosUITests.swift in Sources */ = {isa = PBXBuildFile; fileRef = 45C8A5A9260CE877005A1E69 /* ChaosUITests.swift */; };
		45CCFE55260D7E16004A11F7 /* Bundle+Versions.swift in Sources */ = {isa = PBXBuildFile; fileRef = 45CCFE54260D7E16004A11F7 /* Bundle+Versions.swift */; };
		B5FD3D634C8C19CE16C00B32 /* Pods_ContactsTests.framework in Frameworks */ = {isa = PBXBuildFile; fileRef = 2FEF2EC69446B3AA38814A33 /* Pods_ContactsTests.framework */; };
		F91CB5B6A5ADD18D4A1ABD6B /* Pods_Contacts.framework in Frameworks */ = {isa = PBXBuildFile; fileRef = 124623B5C0CECED4236E366D /* Pods_Contacts.framework */; };
/* End PBXBuildFile section */

/* Begin PBXContainerItemProxy section */
		45C8A59C260CE86E005A1E69 /* PBXContainerItemProxy */ = {
			isa = PBXContainerItemProxy;
			containerPortal = 455FC0D0260CBBB2001406B1 /* Project object */;
			proxyType = 1;
			remoteGlobalIDString = 455FC0D7260CBBB2001406B1;
			remoteInfo = Chaos;
		};
		45C8A5AC260CE877005A1E69 /* PBXContainerItemProxy */ = {
			isa = PBXContainerItemProxy;
			containerPortal = 455FC0D0260CBBB2001406B1 /* Project object */;
			proxyType = 1;
			remoteGlobalIDString = 455FC0D7260CBBB2001406B1;
			remoteInfo = Chaos;
		};
/* End PBXContainerItemProxy section */

/* Begin PBXFileReference section */
		124623B5C0CECED4236E366D /* Pods_Contacts.framework */ = {isa = PBXFileReference; explicitFileType = wrapper.framework; includeInIndex = 0; path = Pods_Contacts.framework; sourceTree = BUILT_PRODUCTS_DIR; };
		1B78C8AB133A0038AF86002A /* Pods-ContactsTests.release.xcconfig */ = {isa = PBXFileReference; includeInIndex = 1; lastKnownFileType = text.xcconfig; name = "Pods-ContactsTests.release.xcconfig"; path = "Target Support Files/Pods-ContactsTests/Pods-ContactsTests.release.xcconfig"; sourceTree = "<group>"; };
		2FEF2EC69446B3AA38814A33 /* Pods_ContactsTests.framework */ = {isa = PBXFileReference; explicitFileType = wrapper.framework; includeInIndex = 0; path = Pods_ContactsTests.framework; sourceTree = BUILT_PRODUCTS_DIR; };
		4239694E03CF5CF8356D97E4 /* Pods-ContactsTests.debug.xcconfig */ = {isa = PBXFileReference; includeInIndex = 1; lastKnownFileType = text.xcconfig; name = "Pods-ContactsTests.debug.xcconfig"; path = "Target Support Files/Pods-ContactsTests/Pods-ContactsTests.debug.xcconfig"; sourceTree = "<group>"; };
		455FC0D8260CBBB2001406B1 /* Contacts.app */ = {isa = PBXFileReference; explicitFileType = wrapper.application; includeInIndex = 0; path = Contacts.app; sourceTree = BUILT_PRODUCTS_DIR; };
		455FC0DB260CBBB2001406B1 /* AppDelegate.swift */ = {isa = PBXFileReference; lastKnownFileType = sourcecode.swift; path = AppDelegate.swift; sourceTree = "<group>"; };
		455FC0DD260CBBB2001406B1 /* SceneDelegate.swift */ = {isa = PBXFileReference; lastKnownFileType = sourcecode.swift; path = SceneDelegate.swift; sourceTree = "<group>"; };
		455FC0DF260CBBB2001406B1 /* ViewController.swift */ = {isa = PBXFileReference; lastKnownFileType = sourcecode.swift; path = ViewController.swift; sourceTree = "<group>"; };
		455FC0E5260CBBB2001406B1 /* Chaos.xcdatamodel */ = {isa = PBXFileReference; lastKnownFileType = wrapper.xcdatamodel; path = Chaos.xcdatamodel; sourceTree = "<group>"; };
		455FC0E7260CBBB4001406B1 /* Assets.xcassets */ = {isa = PBXFileReference; lastKnownFileType = folder.assetcatalog; path = Assets.xcassets; sourceTree = "<group>"; };
		455FC0EA260CBBB4001406B1 /* Base */ = {isa = PBXFileReference; lastKnownFileType = file.storyboard; name = Base; path = Base.lproj/LaunchScreen.storyboard; sourceTree = "<group>"; };
		455FC0EC260CBBB4001406B1 /* Info.plist */ = {isa = PBXFileReference; lastKnownFileType = text.plist.xml; path = Info.plist; sourceTree = "<group>"; };
		4577C6D7260D056B005AC95E /* ProgressHUD.swift */ = {isa = PBXFileReference; lastKnownFileType = sourcecode.swift; path = ProgressHUD.swift; sourceTree = "<group>"; };
		4577C6F6260D05A2005AC95E /* AppNotifCenterName.swift */ = {isa = PBXFileReference; lastKnownFileType = sourcecode.swift; path = AppNotifCenterName.swift; sourceTree = "<group>"; };
		4577C6FB260D05F4005AC95E /* ChaosENVManager.swift */ = {isa = PBXFileReference; lastKnownFileType = sourcecode.swift; path = ChaosENVManager.swift; sourceTree = "<group>"; };
		4577C704260D074B005AC95E /* UIColor+Hex.swift */ = {isa = PBXFileReference; lastKnownFileType = sourcecode.swift; path = "UIColor+Hex.swift"; sourceTree = "<group>"; };
		4577C714260D78EB005AC95E /* UIView+Shimmer.swift */ = {isa = PBXFileReference; lastKnownFileType = sourcecode.swift; path = "UIView+Shimmer.swift"; sourceTree = "<group>"; };
		4577C719260D7956005AC95E /* UIView+Helpers.swift */ = {isa = PBXFileReference; lastKnownFileType = sourcecode.swift; path = "UIView+Helpers.swift"; sourceTree = "<group>"; };
		4577C71E260D7995005AC95E /* UIViewController+Alert.swift */ = {isa = PBXFileReference; lastKnownFileType = sourcecode.swift; path = "UIViewController+Alert.swift"; sourceTree = "<group>"; };
		4577C723260D79DA005AC95E /* UIViewController+Current.swift */ = {isa = PBXFileReference; lastKnownFileType = sourcecode.swift; path = "UIViewController+Current.swift"; sourceTree = "<group>"; };
		4577C728260D7A22005AC95E /* AppDefaults.swift */ = {isa = PBXFileReference; lastKnownFileType = sourcecode.swift; path = AppDefaults.swift; sourceTree = "<group>"; };
		4577C72D260D7A5B005AC95E /* AppSharedData.swift */ = {isa = PBXFileReference; lastKnownFileType = sourcecode.swift; path = AppSharedData.swift; sourceTree = "<group>"; };
		4577C742260D7AB6005AC95E /* Reachability.swift */ = {isa = PBXFileReference; lastKnownFileType = sourcecode.swift; path = Reachability.swift; sourceTree = "<group>"; };
		4577C74A260D7AE9005AC95E /* CoreService.swift */ = {isa = PBXFileReference; lastKnownFileType = sourcecode.swift; path = CoreService.swift; sourceTree = "<group>"; };
		45BAE626260CC4FA0058AE43 /* README.md */ = {isa = PBXFileReference; lastKnownFileType = net.daringfireball.markdown; path = README.md; sourceTree = SOURCE_ROOT; };
		45BAE6D6260CD2260058AE43 /* Podfile */ = {isa = PBXFileReference; lastKnownFileType = text; path = Podfile; sourceTree = SOURCE_ROOT; };
		45C8A597260CE86E005A1E69 /* ContactsTests.xctest */ = {isa = PBXFileReference; explicitFileType = wrapper.cfbundle; includeInIndex = 0; path = ContactsTests.xctest; sourceTree = BUILT_PRODUCTS_DIR; };
		45C8A599260CE86E005A1E69 /* ChaosTests.swift */ = {isa = PBXFileReference; lastKnownFileType = sourcecode.swift; path = ChaosTests.swift; sourceTree = "<group>"; };
		45C8A59B260CE86E005A1E69 /* Info.plist */ = {isa = PBXFileReference; lastKnownFileType = text.plist.xml; path = Info.plist; sourceTree = "<group>"; };
		45C8A5A7260CE877005A1E69 /* ContactsUITests.xctest */ = {isa = PBXFileReference; explicitFileType = wrapper.cfbundle; includeInIndex = 0; path = ContactsUITests.xctest; sourceTree = BUILT_PRODUCTS_DIR; };
		45C8A5A9260CE877005A1E69 /* ChaosUITests.swift */ = {isa = PBXFileReference; lastKnownFileType = sourcecode.swift; path = ChaosUITests.swift; sourceTree = "<group>"; };
		45C8A5AB260CE877005A1E69 /* Info.plist */ = {isa = PBXFileReference; lastKnownFileType = text.plist.xml; path = Info.plist; sourceTree = "<group>"; };
		45CCFE54260D7E16004A11F7 /* Bundle+Versions.swift */ = {isa = PBXFileReference; lastKnownFileType = sourcecode.swift; path = "Bundle+Versions.swift"; sourceTree = "<group>"; };
		45CCFEA7260DA12E004A11F7 /* 5-mega-migration.js */ = {isa = PBXFileReference; lastKnownFileType = sourcecode.javascript; path = "5-mega-migration.js"; sourceTree = "<group>"; };
		45CCFEA8260DA12E004A11F7 /* 1-mega-migration.js */ = {isa = PBXFileReference; lastKnownFileType = sourcecode.javascript; path = "1-mega-migration.js"; sourceTree = "<group>"; };
		45CCFEA9260DA12E004A11F7 /* 4-mega-migration.js */ = {isa = PBXFileReference; lastKnownFileType = sourcecode.javascript; path = "4-mega-migration.js"; sourceTree = "<group>"; };
		45CCFEAA260DA12E004A11F7 /* _current_bak.json */ = {isa = PBXFileReference; lastKnownFileType = text.json; path = _current_bak.json; sourceTree = "<group>"; };
		45CCFEAB260DA12E004A11F7 /* 6-mega-migration.js */ = {isa = PBXFileReference; lastKnownFileType = sourcecode.javascript; path = "6-mega-migration.js"; sourceTree = "<group>"; };
		45CCFEAC260DA12E004A11F7 /* 2-mega-migration-0728.js */ = {isa = PBXFileReference; lastKnownFileType = sourcecode.javascript; path = "2-mega-migration-0728.js"; sourceTree = "<group>"; };
		45CCFEAD260DA12E004A11F7 /* 3-3-push-token-migration.js */ = {isa = PBXFileReference; lastKnownFileType = sourcecode.javascript; path = "3-3-push-token-migration.js"; sourceTree = "<group>"; };
		45CCFEAE260DA12E004A11F7 /* _current.json */ = {isa = PBXFileReference; lastKnownFileType = text.json; path = _current.json; sourceTree = "<group>"; };
		45CCFEB0260DA12E004A11F7 /* AuthKey_RR9S782N93.p8 */ = {isa = PBXFileReference; lastKnownFileType = text; path = AuthKey_RR9S782N93.p8; sourceTree = "<group>"; };
		45CCFEB1260DA12E004A11F7 /* config.js */ = {isa = PBXFileReference; lastKnownFileType = sourcecode.javascript; path = config.js; sourceTree = "<group>"; };
		45CCFEB3260DA12E004A11F7 /* passport.js */ = {isa = PBXFileReference; lastKnownFileType = sourcecode.javascript; path = passport.js; sourceTree = "<group>"; };
		45CCFEB6260DA12E004A11F7 /* order.model.js */ = {isa = PBXFileReference; lastKnownFileType = sourcecode.javascript; path = order.model.js; sourceTree = "<group>"; };
		45CCFEB8260DA12E004A11F7 /* property.model.js */ = {isa = PBXFileReference; lastKnownFileType = sourcecode.javascript; path = property.model.js; sourceTree = "<group>"; };
		45CCFEB9260DA12E004A11F7 /* propertyasset.model.js */ = {isa = PBXFileReference; lastKnownFileType = sourcecode.javascript; path = propertyasset.model.js; sourceTree = "<group>"; };
		45CCFEBA260DA12E004A11F7 /* propertyaddress.model.js */ = {isa = PBXFileReference; lastKnownFileType = sourcecode.javascript; path = propertyaddress.model.js; sourceTree = "<group>"; };
		45CCFEBB260DA12E004A11F7 /* index.js */ = {isa = PBXFileReference; lastKnownFileType = sourcecode.javascript; path = index.js; sourceTree = "<group>"; };
		45CCFEBD260DA12E004A11F7 /* role.model.js */ = {isa = PBXFileReference; lastKnownFileType = sourcecode.javascript; path = role.model.js; sourceTree = "<group>"; };
		45CCFEBE260DA12E004A11F7 /* pushtoken.model.js */ = {isa = PBXFileReference; lastKnownFileType = sourcecode.javascript; path = pushtoken.model.js; sourceTree = "<group>"; };
		45CCFEBF260DA12E004A11F7 /* user.model.js */ = {isa = PBXFileReference; lastKnownFileType = sourcecode.javascript; path = user.model.js; sourceTree = "<group>"; };
		45CCFEC0260DA12E004A11F7 /* stripe.user.model.js */ = {isa = PBXFileReference; lastKnownFileType = sourcecode.javascript; path = stripe.user.model.js; sourceTree = "<group>"; };
		45CCFEC1260DA12E004A11F7 /* usertype.model.js */ = {isa = PBXFileReference; lastKnownFileType = sourcecode.javascript; path = usertype.model.js; sourceTree = "<group>"; };
		45CCFEC2260DA12E004A11F7 /* stripe.account.model.js */ = {isa = PBXFileReference; lastKnownFileType = sourcecode.javascript; path = stripe.account.model.js; sourceTree = "<group>"; };
		45CCFEC4260DA12E004A11F7 /* mission.model.js */ = {isa = PBXFileReference; lastKnownFileType = sourcecode.javascript; path = mission.model.js; sourceTree = "<group>"; };
		45CCFEC6260DA12E004A11F7 /* logger.js */ = {isa = PBXFileReference; lastKnownFileType = sourcecode.javascript; path = logger.js; sourceTree = "<group>"; };
		45CCFEC7260DA12E004A11F7 /* response.js */ = {isa = PBXFileReference; lastKnownFileType = sourcecode.javascript; path = response.js; sourceTree = "<group>"; };
		45CCFEC8260DA12E004A11F7 /* index.js */ = {isa = PBXFileReference; lastKnownFileType = sourcecode.javascript; path = index.js; sourceTree = "<group>"; };
		45CCFEC9260DA12E004A11F7 /* parser.js */ = {isa = PBXFileReference; lastKnownFileType = sourcecode.javascript; path = parser.js; sourceTree = "<group>"; };
		45CCFECC260DA12E004A11F7 /* order.controller.js */ = {isa = PBXFileReference; lastKnownFileType = sourcecode.javascript; path = order.controller.js; sourceTree = "<group>"; };
		45CCFECE260DA12E004A11F7 /* auth.controller.js */ = {isa = PBXFileReference; lastKnownFileType = sourcecode.javascript; path = auth.controller.js; sourceTree = "<group>"; };
		45CCFED0260DA12E004A11F7 /* property.controller.js */ = {isa = PBXFileReference; lastKnownFileType = sourcecode.javascript; path = property.controller.js; sourceTree = "<group>"; };
		45CCFED2260DA12E004A11F7 /* user.controller.js */ = {isa = PBXFileReference; lastKnownFileType = sourcecode.javascript; path = user.controller.js; sourceTree = "<group>"; };
		45CCFED4260DA12E004A11F7 /* mission.controller.js */ = {isa = PBXFileReference; lastKnownFileType = sourcecode.javascript; path = mission.controller.js; sourceTree = "<group>"; };
		45CCFED7260DA12E004A11F7 /* order.routes.js */ = {isa = PBXFileReference; lastKnownFileType = sourcecode.javascript; path = order.routes.js; sourceTree = "<group>"; };
		45CCFED9260DA12E004A11F7 /* auth.routes.js */ = {isa = PBXFileReference; lastKnownFileType = sourcecode.javascript; path = auth.routes.js; sourceTree = "<group>"; };
		45CCFEDB260DA12E004A11F7 /* property.routes.js */ = {isa = PBXFileReference; lastKnownFileType = sourcecode.javascript; path = property.routes.js; sourceTree = "<group>"; };
		45CCFEDD260DA12E004A11F7 /* user.routes.js */ = {isa = PBXFileReference; lastKnownFileType = sourcecode.javascript; path = user.routes.js; sourceTree = "<group>"; };
		45CCFEDF260DA12E004A11F7 /* mission.routes.js */ = {isa = PBXFileReference; lastKnownFileType = sourcecode.javascript; path = mission.routes.js; sourceTree = "<group>"; };
		45CCFEE1260DA12E004A11F7 /* userservice.js */ = {isa = PBXFileReference; lastKnownFileType = sourcecode.javascript; path = userservice.js; sourceTree = "<group>"; };
		45CCFEE2260DA12E004A11F7 /* adminservice.js */ = {isa = PBXFileReference; lastKnownFileType = sourcecode.javascript; path = adminservice.js; sourceTree = "<group>"; };
		45CCFEE3260DA12E004A11F7 /* stripeservice.js */ = {isa = PBXFileReference; lastKnownFileType = sourcecode.javascript; path = stripeservice.js; sourceTree = "<group>"; };
		45CCFEE5260DA12E004A11F7 /* .sequelizerc */ = {isa = PBXFileReference; lastKnownFileType = text; path = .sequelizerc; sourceTree = "<group>"; };
		45CCFEE6260DA12E004A11F7 /* server.js */ = {isa = PBXFileReference; lastKnownFileType = sourcecode.javascript; path = server.js; sourceTree = "<group>"; };
		45CCFEE8260DA12E004A11F7 /* README.md */ = {isa = PBXFileReference; lastKnownFileType = net.daringfireball.markdown; path = README.md; sourceTree = "<group>"; };
		45CCFEE9260DA12E004A11F7 /* package-lock.json */ = {isa = PBXFileReference; lastKnownFileType = text.json; path = "package-lock.json"; sourceTree = "<group>"; };
		45CCFEEA260DA12E004A11F7 /* package.json */ = {isa = PBXFileReference; lastKnownFileType = text.json; path = package.json; sourceTree = "<group>"; };
		45CCFEEB260DA12E004A11F7 /* .env */ = {isa = PBXFileReference; lastKnownFileType = text; path = .env; sourceTree = "<group>"; };
		45CCFEEE260DA12E004A11F7 /* launch.json */ = {isa = PBXFileReference; lastKnownFileType = text.json; path = launch.json; sourceTree = "<group>"; };
		8357C600CC18AB9C8BCA0325 /* Pods-Contacts.debug.xcconfig */ = {isa = PBXFileReference; includeInIndex = 1; lastKnownFileType = text.xcconfig; name = "Pods-Contacts.debug.xcconfig"; path = "Target Support Files/Pods-Contacts/Pods-Contacts.debug.xcconfig"; sourceTree = "<group>"; };
		8CDD7E6DE79D12C84B3C9F35 /* Pods-Contacts.release.xcconfig */ = {isa = PBXFileReference; includeInIndex = 1; lastKnownFileType = text.xcconfig; name = "Pods-Contacts.release.xcconfig"; path = "Target Support Files/Pods-Contacts/Pods-Contacts.release.xcconfig"; sourceTree = "<group>"; };
/* End PBXFileReference section */

/* Begin PBXFrameworksBuildPhase section */
		455FC0D5260CBBB2001406B1 /* Frameworks */ = {
			isa = PBXFrameworksBuildPhase;
			buildActionMask = 2147483647;
			files = (
				F91CB5B6A5ADD18D4A1ABD6B /* Pods_Contacts.framework in Frameworks */,
			);
			runOnlyForDeploymentPostprocessing = 0;
		};
		45C8A594260CE86E005A1E69 /* Frameworks */ = {
			isa = PBXFrameworksBuildPhase;
			buildActionMask = 2147483647;
			files = (
				B5FD3D634C8C19CE16C00B32 /* Pods_ContactsTests.framework in Frameworks */,
			);
			runOnlyForDeploymentPostprocessing = 0;
		};
		45C8A5A4260CE877005A1E69 /* Frameworks */ = {
			isa = PBXFrameworksBuildPhase;
			buildActionMask = 2147483647;
			files = (
			);
			runOnlyForDeploymentPostprocessing = 0;
		};
/* End PBXFrameworksBuildPhase section */

/* Begin PBXGroup section */
		455FC0CF260CBBB2001406B1 = {
			isa = PBXGroup;
			children = (
				45CCFEA4260DA12E004A11F7 /* RestAPI */,
				455FC0DA260CBBB2001406B1 /* Contacts */,
				45C8A598260CE86E005A1E69 /* ContactsTests */,
				45C8A5A8260CE877005A1E69 /* ContactsUITests */,
				455FC0D9260CBBB2001406B1 /* Products */,
				D95D97C6B5F4212D0078727D /* Frameworks */,
				6003B7882F050EC553FD2C9D /* Pods */,
			);
			indentWidth = 2;
			sourceTree = "<group>";
			tabWidth = 2;
		};
		455FC0D9260CBBB2001406B1 /* Products */ = {
			isa = PBXGroup;
			children = (
				455FC0D8260CBBB2001406B1 /* Contacts.app */,
				45C8A597260CE86E005A1E69 /* ContactsTests.xctest */,
				45C8A5A7260CE877005A1E69 /* ContactsUITests.xctest */,
			);
			name = Products;
			sourceTree = "<group>";
		};
		455FC0DA260CBBB2001406B1 /* Contacts */ = {
			isa = PBXGroup;
			children = (
				45BAE626260CC4FA0058AE43 /* README.md */,
				45BAE693260CD1030058AE43 /* App */,
				45BAE694260CD1090058AE43 /* Plists */,
				4577C740260D7A9E005AC95E /* Networking */,
				45BAE6A5260CD1740058AE43 /* Models */,
				45BAE695260CD1110058AE43 /* Scenes */,
				45BAE696260CD11C0058AE43 /* Services */,
				45BAE69E260CD1590058AE43 /* Supporting Files */,
				45BAE697260CD12A0058AE43 /* Utils */,
			);
			path = Contacts;
			sourceTree = "<group>";
		};
		4577C703260D0737005AC95E /* Extensions */ = {
			isa = PBXGroup;
			children = (
				4577C704260D074B005AC95E /* UIColor+Hex.swift */,
				4577C714260D78EB005AC95E /* UIView+Shimmer.swift */,
				4577C719260D7956005AC95E /* UIView+Helpers.swift */,
				4577C71E260D7995005AC95E /* UIViewController+Alert.swift */,
				4577C723260D79DA005AC95E /* UIViewController+Current.swift */,
				45CCFE54260D7E16004A11F7 /* Bundle+Versions.swift */,
			);
			path = Extensions;
			sourceTree = "<group>";
		};
		4577C740260D7A9E005AC95E /* Networking */ = {
			isa = PBXGroup;
			children = (
				4577C741260D7AA9005AC95E /* Core */,
			);
			path = Networking;
			sourceTree = "<group>";
		};
		4577C741260D7AA9005AC95E /* Core */ = {
			isa = PBXGroup;
			children = (
				4577C742260D7AB6005AC95E /* Reachability.swift */,
				4577C74A260D7AE9005AC95E /* CoreService.swift */,
			);
			path = Core;
			sourceTree = "<group>";
		};
		45BAE693260CD1030058AE43 /* App */ = {
			isa = PBXGroup;
			children = (
				4577C728260D7A22005AC95E /* AppDefaults.swift */,
				455FC0DB260CBBB2001406B1 /* AppDelegate.swift */,
				4577C6F6260D05A2005AC95E /* AppNotifCenterName.swift */,
				4577C72D260D7A5B005AC95E /* AppSharedData.swift */,
				455FC0DD260CBBB2001406B1 /* SceneDelegate.swift */,
			);
			path = App;
			sourceTree = "<group>";
		};
		45BAE694260CD1090058AE43 /* Plists */ = {
			isa = PBXGroup;
			children = (
				455FC0EC260CBBB4001406B1 /* Info.plist */,
			);
			path = Plists;
			sourceTree = "<group>";
		};
		45BAE695260CD1110058AE43 /* Scenes */ = {
			isa = PBXGroup;
			children = (
				455FC0DF260CBBB2001406B1 /* ViewController.swift */,
			);
			path = Scenes;
			sourceTree = "<group>";
		};
		45BAE696260CD11C0058AE43 /* Services */ = {
			isa = PBXGroup;
			children = (
			);
			path = Services;
			sourceTree = "<group>";
		};
		45BAE697260CD12A0058AE43 /* Utils */ = {
			isa = PBXGroup;
			children = (
				4577C703260D0737005AC95E /* Extensions */,
				4577C6D7260D056B005AC95E /* ProgressHUD.swift */,
				4577C6FB260D05F4005AC95E /* ChaosENVManager.swift */,
			);
			path = Utils;
			sourceTree = "<group>";
		};
		45BAE69E260CD1590058AE43 /* Supporting Files */ = {
			isa = PBXGroup;
			children = (
				455FC0E7260CBBB4001406B1 /* Assets.xcassets */,
				455FC0E9260CBBB4001406B1 /* LaunchScreen.storyboard */,
				45BAE6D6260CD2260058AE43 /* Podfile */,
			);
			path = "Supporting Files";
			sourceTree = "<group>";
		};
		45BAE6A5260CD1740058AE43 /* Models */ = {
			isa = PBXGroup;
			children = (
				455FC0E4260CBBB2001406B1 /* Chaos.xcdatamodeld */,
			);
			path = Models;
			sourceTree = "<group>";
		};
		45C8A598260CE86E005A1E69 /* ContactsTests */ = {
			isa = PBXGroup;
			children = (
				45C8A599260CE86E005A1E69 /* ChaosTests.swift */,
				45C8A59B260CE86E005A1E69 /* Info.plist */,
			);
			path = ContactsTests;
			sourceTree = "<group>";
		};
		45C8A5A8260CE877005A1E69 /* ContactsUITests */ = {
			isa = PBXGroup;
			children = (
				45C8A5A9260CE877005A1E69 /* ChaosUITests.swift */,
				45C8A5AB260CE877005A1E69 /* Info.plist */,
			);
			path = ContactsUITests;
			sourceTree = "<group>";
		};
		45CCFEA4260DA12E004A11F7 /* RestAPI */ = {
			isa = PBXGroup;
			children = (
				45CCFEA5260DA12E004A11F7 /* app */,
				45CCFEE5260DA12E004A11F7 /* .sequelizerc */,
				45CCFEE6260DA12E004A11F7 /* server.js */,
				45CCFEE7260DA12E004A11F7 /* uploads */,
				45CCFEE8260DA12E004A11F7 /* README.md */,
				45CCFEE9260DA12E004A11F7 /* package-lock.json */,
				45CCFEEA260DA12E004A11F7 /* package.json */,
				45CCFEEB260DA12E004A11F7 /* .env */,
				45CCFEEC260DA12E004A11F7 /* seeders */,
				45CCFEED260DA12E004A11F7 /* .vscode */,
			);
			path = RestAPI;
			sourceTree = "<group>";
		};
		45CCFEA5260DA12E004A11F7 /* app */ = {
			isa = PBXGroup;
			children = (
				45CCFEA6260DA12E004A11F7 /* migrations */,
				45CCFEAF260DA12E004A11F7 /* config */,
				45CCFEB2260DA12E004A11F7 /* middlewares */,
				45CCFEB4260DA12E004A11F7 /* models */,
				45CCFEC5260DA12E004A11F7 /* utilities */,
				45CCFECA260DA12E004A11F7 /* controllers */,
				45CCFED5260DA12E004A11F7 /* routes */,
				45CCFEE0260DA12E004A11F7 /* services */,
			);
			path = app;
			sourceTree = "<group>";
		};
		45CCFEA6260DA12E004A11F7 /* migrations */ = {
			isa = PBXGroup;
			children = (
				45CCFEA7260DA12E004A11F7 /* 5-mega-migration.js */,
				45CCFEA8260DA12E004A11F7 /* 1-mega-migration.js */,
				45CCFEA9260DA12E004A11F7 /* 4-mega-migration.js */,
				45CCFEAA260DA12E004A11F7 /* _current_bak.json */,
				45CCFEAB260DA12E004A11F7 /* 6-mega-migration.js */,
				45CCFEAC260DA12E004A11F7 /* 2-mega-migration-0728.js */,
				45CCFEAD260DA12E004A11F7 /* 3-3-push-token-migration.js */,
				45CCFEAE260DA12E004A11F7 /* _current.json */,
			);
			path = migrations;
			sourceTree = "<group>";
		};
		45CCFEAF260DA12E004A11F7 /* config */ = {
			isa = PBXGroup;
			children = (
				45CCFEB0260DA12E004A11F7 /* AuthKey_RR9S782N93.p8 */,
				45CCFEB1260DA12E004A11F7 /* config.js */,
			);
			path = config;
			sourceTree = "<group>";
		};
		45CCFEB2260DA12E004A11F7 /* middlewares */ = {
			isa = PBXGroup;
			children = (
				45CCFEB3260DA12E004A11F7 /* passport.js */,
			);
			path = middlewares;
			sourceTree = "<group>";
		};
		45CCFEB4260DA12E004A11F7 /* models */ = {
			isa = PBXGroup;
			children = (
				45CCFEB5260DA12E004A11F7 /* order */,
				45CCFEB7260DA12E004A11F7 /* property */,
				45CCFEBB260DA12E004A11F7 /* index.js */,
				45CCFEBC260DA12E004A11F7 /* user */,
				45CCFEC3260DA12E004A11F7 /* mission */,
			);
			path = models;
			sourceTree = "<group>";
		};
		45CCFEB5260DA12E004A11F7 /* order */ = {
			isa = PBXGroup;
			children = (
				45CCFEB6260DA12E004A11F7 /* order.model.js */,
			);
			path = order;
			sourceTree = "<group>";
		};
		45CCFEB7260DA12E004A11F7 /* property */ = {
			isa = PBXGroup;
			children = (
				45CCFEB8260DA12E004A11F7 /* property.model.js */,
				45CCFEB9260DA12E004A11F7 /* propertyasset.model.js */,
				45CCFEBA260DA12E004A11F7 /* propertyaddress.model.js */,
			);
			path = property;
			sourceTree = "<group>";
		};
		45CCFEBC260DA12E004A11F7 /* user */ = {
			isa = PBXGroup;
			children = (
				45CCFEBD260DA12E004A11F7 /* role.model.js */,
				45CCFEBE260DA12E004A11F7 /* pushtoken.model.js */,
				45CCFEBF260DA12E004A11F7 /* user.model.js */,
				45CCFEC0260DA12E004A11F7 /* stripe.user.model.js */,
				45CCFEC1260DA12E004A11F7 /* usertype.model.js */,
				45CCFEC2260DA12E004A11F7 /* stripe.account.model.js */,
			);
			path = user;
			sourceTree = "<group>";
		};
		45CCFEC3260DA12E004A11F7 /* mission */ = {
			isa = PBXGroup;
			children = (
				45CCFEC4260DA12E004A11F7 /* mission.model.js */,
			);
			path = mission;
			sourceTree = "<group>";
		};
		45CCFEC5260DA12E004A11F7 /* utilities */ = {
			isa = PBXGroup;
			children = (
				45CCFEC6260DA12E004A11F7 /* logger.js */,
				45CCFEC7260DA12E004A11F7 /* response.js */,
				45CCFEC8260DA12E004A11F7 /* index.js */,
				45CCFEC9260DA12E004A11F7 /* parser.js */,
			);
			path = utilities;
			sourceTree = "<group>";
		};
		45CCFECA260DA12E004A11F7 /* controllers */ = {
			isa = PBXGroup;
			children = (
				45CCFECB260DA12E004A11F7 /* order */,
				45CCFECD260DA12E004A11F7 /* auth */,
				45CCFECF260DA12E004A11F7 /* property */,
				45CCFED1260DA12E004A11F7 /* user */,
				45CCFED3260DA12E004A11F7 /* mission */,
			);
			path = controllers;
			sourceTree = "<group>";
		};
		45CCFECB260DA12E004A11F7 /* order */ = {
			isa = PBXGroup;
			children = (
				45CCFECC260DA12E004A11F7 /* order.controller.js */,
			);
			path = order;
			sourceTree = "<group>";
		};
		45CCFECD260DA12E004A11F7 /* auth */ = {
			isa = PBXGroup;
			children = (
				45CCFECE260DA12E004A11F7 /* auth.controller.js */,
			);
			path = auth;
			sourceTree = "<group>";
		};
		45CCFECF260DA12E004A11F7 /* property */ = {
			isa = PBXGroup;
			children = (
				45CCFED0260DA12E004A11F7 /* property.controller.js */,
			);
			path = property;
			sourceTree = "<group>";
		};
		45CCFED1260DA12E004A11F7 /* user */ = {
			isa = PBXGroup;
			children = (
				45CCFED2260DA12E004A11F7 /* user.controller.js */,
			);
			path = user;
			sourceTree = "<group>";
		};
		45CCFED3260DA12E004A11F7 /* mission */ = {
			isa = PBXGroup;
			children = (
				45CCFED4260DA12E004A11F7 /* mission.controller.js */,
			);
			path = mission;
			sourceTree = "<group>";
		};
		45CCFED5260DA12E004A11F7 /* routes */ = {
			isa = PBXGroup;
			children = (
				45CCFED6260DA12E004A11F7 /* order */,
				45CCFED8260DA12E004A11F7 /* auth */,
				45CCFEDA260DA12E004A11F7 /* property */,
				45CCFEDC260DA12E004A11F7 /* user */,
				45CCFEDE260DA12E004A11F7 /* mission */,
			);
			path = routes;
			sourceTree = "<group>";
		};
		45CCFED6260DA12E004A11F7 /* order */ = {
			isa = PBXGroup;
			children = (
				45CCFED7260DA12E004A11F7 /* order.routes.js */,
			);
			path = order;
			sourceTree = "<group>";
		};
		45CCFED8260DA12E004A11F7 /* auth */ = {
			isa = PBXGroup;
			children = (
				45CCFED9260DA12E004A11F7 /* auth.routes.js */,
			);
			path = auth;
			sourceTree = "<group>";
		};
		45CCFEDA260DA12E004A11F7 /* property */ = {
			isa = PBXGroup;
			children = (
				45CCFEDB260DA12E004A11F7 /* property.routes.js */,
			);
			path = property;
			sourceTree = "<group>";
		};
		45CCFEDC260DA12E004A11F7 /* user */ = {
			isa = PBXGroup;
			children = (
				45CCFEDD260DA12E004A11F7 /* user.routes.js */,
			);
			path = user;
			sourceTree = "<group>";
		};
		45CCFEDE260DA12E004A11F7 /* mission */ = {
			isa = PBXGroup;
			children = (
				45CCFEDF260DA12E004A11F7 /* mission.routes.js */,
			);
			path = mission;
			sourceTree = "<group>";
		};
		45CCFEE0260DA12E004A11F7 /* services */ = {
			isa = PBXGroup;
			children = (
				45CCFEE1260DA12E004A11F7 /* userservice.js */,
				45CCFEE2260DA12E004A11F7 /* adminservice.js */,
				45CCFEE3260DA12E004A11F7 /* stripeservice.js */,
			);
			path = services;
			sourceTree = "<group>";
		};
		45CCFEE7260DA12E004A11F7 /* uploads */ = {
			isa = PBXGroup;
			children = (
			);
			path = uploads;
			sourceTree = "<group>";
		};
		45CCFEEC260DA12E004A11F7 /* seeders */ = {
			isa = PBXGroup;
			children = (
			);
			path = seeders;
			sourceTree = "<group>";
		};
		45CCFEED260DA12E004A11F7 /* .vscode */ = {
			isa = PBXGroup;
			children = (
				45CCFEEE260DA12E004A11F7 /* launch.json */,
			);
			path = .vscode;
			sourceTree = "<group>";
		};
		6003B7882F050EC553FD2C9D /* Pods */ = {
			isa = PBXGroup;
			children = (
				8357C600CC18AB9C8BCA0325 /* Pods-Contacts.debug.xcconfig */,
				8CDD7E6DE79D12C84B3C9F35 /* Pods-Contacts.release.xcconfig */,
				4239694E03CF5CF8356D97E4 /* Pods-ContactsTests.debug.xcconfig */,
				1B78C8AB133A0038AF86002A /* Pods-ContactsTests.release.xcconfig */,
			);
			path = Pods;
			sourceTree = "<group>";
		};
		D95D97C6B5F4212D0078727D /* Frameworks */ = {
			isa = PBXGroup;
			children = (
				124623B5C0CECED4236E366D /* Pods_Contacts.framework */,
				2FEF2EC69446B3AA38814A33 /* Pods_ContactsTests.framework */,
			);
			name = Frameworks;
			sourceTree = "<group>";
		};
/* End PBXGroup section */

/* Begin PBXNativeTarget section */
		455FC0D7260CBBB2001406B1 /* Contacts */ = {
			isa = PBXNativeTarget;
			buildConfigurationList = 455FC105260CBBB4001406B1 /* Build configuration list for PBXNativeTarget "Contacts" */;
			buildPhases = (
				1AF4718CC0FB95AC11893202 /* [CP] Check Pods Manifest.lock */,
				455FC0D4260CBBB2001406B1 /* Sources */,
				455FC0D5260CBBB2001406B1 /* Frameworks */,
				455FC0D6260CBBB2001406B1 /* Resources */,
				0B70DF9F90CF0A67615BFC97 /* [CP] Embed Pods Frameworks */,
			);
			buildRules = (
			);
			dependencies = (
			);
			name = Contacts;
			productName = Chaos;
			productReference = 455FC0D8260CBBB2001406B1 /* Contacts.app */;
			productType = "com.apple.product-type.application";
		};
		45C8A596260CE86E005A1E69 /* ContactsTests */ = {
			isa = PBXNativeTarget;
			buildConfigurationList = 45C8A59E260CE86E005A1E69 /* Build configuration list for PBXNativeTarget "ContactsTests" */;
			buildPhases = (
				CC5ED47CC841CF70A296CB93 /* [CP] Check Pods Manifest.lock */,
				45C8A593260CE86E005A1E69 /* Sources */,
				45C8A594260CE86E005A1E69 /* Frameworks */,
				45C8A595260CE86E005A1E69 /* Resources */,
				5091B6F9F14563B624E6F1D6 /* [CP] Embed Pods Frameworks */,
			);
			buildRules = (
			);
			dependencies = (
				45C8A59D260CE86E005A1E69 /* PBXTargetDependency */,
			);
			name = ContactsTests;
			productName = ChaosTests;
			productReference = 45C8A597260CE86E005A1E69 /* ContactsTests.xctest */;
			productType = "com.apple.product-type.bundle.unit-test";
		};
		45C8A5A6260CE877005A1E69 /* ContactsUITests */ = {
			isa = PBXNativeTarget;
			buildConfigurationList = 45C8A5AE260CE877005A1E69 /* Build configuration list for PBXNativeTarget "ContactsUITests" */;
			buildPhases = (
				45C8A5A3260CE877005A1E69 /* Sources */,
				45C8A5A4260CE877005A1E69 /* Frameworks */,
				45C8A5A5260CE877005A1E69 /* Resources */,
			);
			buildRules = (
			);
			dependencies = (
				45C8A5AD260CE877005A1E69 /* PBXTargetDependency */,
			);
			name = ContactsUITests;
			productName = ChaosUITests;
			productReference = 45C8A5A7260CE877005A1E69 /* ContactsUITests.xctest */;
			productType = "com.apple.product-type.bundle.ui-testing";
		};
/* End PBXNativeTarget section */

/* Begin PBXProject section */
		455FC0D0260CBBB2001406B1 /* Project object */ = {
			isa = PBXProject;
			attributes = {
				LastSwiftUpdateCheck = 1230;
				LastUpgradeCheck = 1230;
				ORGANIZATIONNAME = Outliant;
				TargetAttributes = {
					455FC0D7260CBBB2001406B1 = {
						CreatedOnToolsVersion = 12.3;
					};
					45C8A596260CE86E005A1E69 = {
						CreatedOnToolsVersion = 12.3;
						TestTargetID = 455FC0D7260CBBB2001406B1;
					};
					45C8A5A6260CE877005A1E69 = {
						CreatedOnToolsVersion = 12.3;
						TestTargetID = 455FC0D7260CBBB2001406B1;
					};
				};
			};
			buildConfigurationList = 455FC0D3260CBBB2001406B1 /* Build configuration list for PBXProject "Contacts" */;
			compatibilityVersion = "Xcode 9.3";
			developmentRegion = en;
			hasScannedForEncodings = 0;
			knownRegions = (
				en,
				Base,
			);
			mainGroup = 455FC0CF260CBBB2001406B1;
			productRefGroup = 455FC0D9260CBBB2001406B1 /* Products */;
			projectDirPath = "";
			projectRoot = "";
			targets = (
				455FC0D7260CBBB2001406B1 /* Contacts */,
				45C8A596260CE86E005A1E69 /* ContactsTests */,
				45C8A5A6260CE877005A1E69 /* ContactsUITests */,
			);
		};
/* End PBXProject section */

/* Begin PBXResourcesBuildPhase section */
		455FC0D6260CBBB2001406B1 /* Resources */ = {
			isa = PBXResourcesBuildPhase;
			buildActionMask = 2147483647;
			files = (
				455FC0EB260CBBB4001406B1 /* LaunchScreen.storyboard in Resources */,
				455FC0E8260CBBB4001406B1 /* Assets.xcassets in Resources */,
			);
			runOnlyForDeploymentPostprocessing = 0;
		};
		45C8A595260CE86E005A1E69 /* Resources */ = {
			isa = PBXResourcesBuildPhase;
			buildActionMask = 2147483647;
			files = (
			);
			runOnlyForDeploymentPostprocessing = 0;
		};
		45C8A5A5260CE877005A1E69 /* Resources */ = {
			isa = PBXResourcesBuildPhase;
			buildActionMask = 2147483647;
			files = (
			);
			runOnlyForDeploymentPostprocessing = 0;
		};
/* End PBXResourcesBuildPhase section */

/* Begin PBXShellScriptBuildPhase section */
		0B70DF9F90CF0A67615BFC97 /* [CP] Embed Pods Frameworks */ = {
			isa = PBXShellScriptBuildPhase;
			buildActionMask = 2147483647;
			files = (
			);
			inputFileListPaths = (
				"${PODS_ROOT}/Target Support Files/Pods-Contacts/Pods-Contacts-frameworks-${CONFIGURATION}-input-files.xcfilelist",
			);
			name = "[CP] Embed Pods Frameworks";
			outputFileListPaths = (
				"${PODS_ROOT}/Target Support Files/Pods-Contacts/Pods-Contacts-frameworks-${CONFIGURATION}-output-files.xcfilelist",
			);
			runOnlyForDeploymentPostprocessing = 0;
			shellPath = /bin/sh;
			shellScript = "\"${PODS_ROOT}/Target Support Files/Pods-Contacts/Pods-Contacts-frameworks.sh\"\n";
			showEnvVarsInLog = 0;
		};
		1AF4718CC0FB95AC11893202 /* [CP] Check Pods Manifest.lock */ = {
			isa = PBXShellScriptBuildPhase;
			buildActionMask = 2147483647;
			files = (
			);
			inputFileListPaths = (
			);
			inputPaths = (
				"${PODS_PODFILE_DIR_PATH}/Podfile.lock",
				"${PODS_ROOT}/Manifest.lock",
			);
			name = "[CP] Check Pods Manifest.lock";
			outputFileListPaths = (
			);
			outputPaths = (
				"$(DERIVED_FILE_DIR)/Pods-Contacts-checkManifestLockResult.txt",
			);
			runOnlyForDeploymentPostprocessing = 0;
			shellPath = /bin/sh;
			shellScript = "diff \"${PODS_PODFILE_DIR_PATH}/Podfile.lock\" \"${PODS_ROOT}/Manifest.lock\" > /dev/null\nif [ $? != 0 ] ; then\n    # print error to STDERR\n    echo \"error: The sandbox is not in sync with the Podfile.lock. Run 'pod install' or update your CocoaPods installation.\" >&2\n    exit 1\nfi\n# This output is used by Xcode 'outputs' to avoid re-running this script phase.\necho \"SUCCESS\" > \"${SCRIPT_OUTPUT_FILE_0}\"\n";
			showEnvVarsInLog = 0;
		};
		5091B6F9F14563B624E6F1D6 /* [CP] Embed Pods Frameworks */ = {
			isa = PBXShellScriptBuildPhase;
			buildActionMask = 2147483647;
			files = (
			);
			inputFileListPaths = (
				"${PODS_ROOT}/Target Support Files/Pods-ContactsTests/Pods-ContactsTests-frameworks-${CONFIGURATION}-input-files.xcfilelist",
			);
			name = "[CP] Embed Pods Frameworks";
			outputFileListPaths = (
				"${PODS_ROOT}/Target Support Files/Pods-ContactsTests/Pods-ContactsTests-frameworks-${CONFIGURATION}-output-files.xcfilelist",
			);
			runOnlyForDeploymentPostprocessing = 0;
			shellPath = /bin/sh;
			shellScript = "\"${PODS_ROOT}/Target Support Files/Pods-ContactsTests/Pods-ContactsTests-frameworks.sh\"\n";
			showEnvVarsInLog = 0;
		};
		CC5ED47CC841CF70A296CB93 /* [CP] Check Pods Manifest.lock */ = {
			isa = PBXShellScriptBuildPhase;
			buildActionMask = 2147483647;
			files = (
			);
			inputFileListPaths = (
			);
			inputPaths = (
				"${PODS_PODFILE_DIR_PATH}/Podfile.lock",
				"${PODS_ROOT}/Manifest.lock",
			);
			name = "[CP] Check Pods Manifest.lock";
			outputFileListPaths = (
			);
			outputPaths = (
				"$(DERIVED_FILE_DIR)/Pods-ContactsTests-checkManifestLockResult.txt",
			);
			runOnlyForDeploymentPostprocessing = 0;
			shellPath = /bin/sh;
			shellScript = "diff \"${PODS_PODFILE_DIR_PATH}/Podfile.lock\" \"${PODS_ROOT}/Manifest.lock\" > /dev/null\nif [ $? != 0 ] ; then\n    # print error to STDERR\n    echo \"error: The sandbox is not in sync with the Podfile.lock. Run 'pod install' or update your CocoaPods installation.\" >&2\n    exit 1\nfi\n# This output is used by Xcode 'outputs' to avoid re-running this script phase.\necho \"SUCCESS\" > \"${SCRIPT_OUTPUT_FILE_0}\"\n";
			showEnvVarsInLog = 0;
		};
/* End PBXShellScriptBuildPhase section */

/* Begin PBXSourcesBuildPhase section */
		455FC0D4260CBBB2001406B1 /* Sources */ = {
			isa = PBXSourcesBuildPhase;
			buildActionMask = 2147483647;
			files = (
				4577C71A260D7956005AC95E /* UIView+Helpers.swift in Sources */,
				4577C6FC260D05F4005AC95E /* ChaosENVManager.swift in Sources */,
				4577C705260D074B005AC95E /* UIColor+Hex.swift in Sources */,
				455FC0E6260CBBB2001406B1 /* Chaos.xcdatamodeld in Sources */,
				4577C71F260D7995005AC95E /* UIViewController+Alert.swift in Sources */,
				455FC0E0260CBBB2001406B1 /* ViewController.swift in Sources */,
				4577C74B260D7AE9005AC95E /* CoreService.swift in Sources */,
				455FC0DC260CBBB2001406B1 /* AppDelegate.swift in Sources */,
				4577C6D8260D056B005AC95E /* ProgressHUD.swift in Sources */,
				45CCFE55260D7E16004A11F7 /* Bundle+Versions.swift in Sources */,
				4577C724260D79DA005AC95E /* UIViewController+Current.swift in Sources */,
				4577C6F7260D05A2005AC95E /* AppNotifCenterName.swift in Sources */,
				455FC0DE260CBBB2001406B1 /* SceneDelegate.swift in Sources */,
				4577C743260D7AB6005AC95E /* Reachability.swift in Sources */,
				4577C729260D7A22005AC95E /* AppDefaults.swift in Sources */,
				4577C72E260D7A5B005AC95E /* AppSharedData.swift in Sources */,
				4577C715260D78EB005AC95E /* UIView+Shimmer.swift in Sources */,
			);
			runOnlyForDeploymentPostprocessing = 0;
		};
		45C8A593260CE86E005A1E69 /* Sources */ = {
			isa = PBXSourcesBuildPhase;
			buildActionMask = 2147483647;
			files = (
				45C8A59A260CE86E005A1E69 /* ChaosTests.swift in Sources */,
			);
			runOnlyForDeploymentPostprocessing = 0;
		};
		45C8A5A3260CE877005A1E69 /* Sources */ = {
			isa = PBXSourcesBuildPhase;
			buildActionMask = 2147483647;
			files = (
				45C8A5AA260CE877005A1E69 /* ChaosUITests.swift in Sources */,
			);
			runOnlyForDeploymentPostprocessing = 0;
		};
/* End PBXSourcesBuildPhase section */

/* Begin PBXTargetDependency section */
		45C8A59D260CE86E005A1E69 /* PBXTargetDependency */ = {
			isa = PBXTargetDependency;
			target = 455FC0D7260CBBB2001406B1 /* Contacts */;
			targetProxy = 45C8A59C260CE86E005A1E69 /* PBXContainerItemProxy */;
		};
		45C8A5AD260CE877005A1E69 /* PBXTargetDependency */ = {
			isa = PBXTargetDependency;
			target = 455FC0D7260CBBB2001406B1 /* Contacts */;
			targetProxy = 45C8A5AC260CE877005A1E69 /* PBXContainerItemProxy */;
		};
/* End PBXTargetDependency section */

/* Begin PBXVariantGroup section */
		455FC0E9260CBBB4001406B1 /* LaunchScreen.storyboard */ = {
			isa = PBXVariantGroup;
			children = (
				455FC0EA260CBBB4001406B1 /* Base */,
			);
			name = LaunchScreen.storyboard;
			sourceTree = "<group>";
		};
/* End PBXVariantGroup section */

/* Begin XCBuildConfiguration section */
		455FC103260CBBB4001406B1 /* Debug */ = {
			isa = XCBuildConfiguration;
			buildSettings = {
				ALWAYS_SEARCH_USER_PATHS = NO;
				CLANG_ANALYZER_NONNULL = YES;
				CLANG_ANALYZER_NUMBER_OBJECT_CONVERSION = YES_AGGRESSIVE;
				CLANG_CXX_LANGUAGE_STANDARD = "gnu++14";
				CLANG_CXX_LIBRARY = "libc++";
				CLANG_ENABLE_MODULES = YES;
				CLANG_ENABLE_OBJC_ARC = YES;
				CLANG_ENABLE_OBJC_WEAK = YES;
				CLANG_WARN_BLOCK_CAPTURE_AUTORELEASING = YES;
				CLANG_WARN_BOOL_CONVERSION = YES;
				CLANG_WARN_COMMA = YES;
				CLANG_WARN_CONSTANT_CONVERSION = YES;
				CLANG_WARN_DEPRECATED_OBJC_IMPLEMENTATIONS = YES;
				CLANG_WARN_DIRECT_OBJC_ISA_USAGE = YES_ERROR;
				CLANG_WARN_DOCUMENTATION_COMMENTS = YES;
				CLANG_WARN_EMPTY_BODY = YES;
				CLANG_WARN_ENUM_CONVERSION = YES;
				CLANG_WARN_INFINITE_RECURSION = YES;
				CLANG_WARN_INT_CONVERSION = YES;
				CLANG_WARN_NON_LITERAL_NULL_CONVERSION = YES;
				CLANG_WARN_OBJC_IMPLICIT_RETAIN_SELF = YES;
				CLANG_WARN_OBJC_LITERAL_CONVERSION = YES;
				CLANG_WARN_OBJC_ROOT_CLASS = YES_ERROR;
				CLANG_WARN_QUOTED_INCLUDE_IN_FRAMEWORK_HEADER = YES;
				CLANG_WARN_RANGE_LOOP_ANALYSIS = YES;
				CLANG_WARN_STRICT_PROTOTYPES = YES;
				CLANG_WARN_SUSPICIOUS_MOVE = YES;
				CLANG_WARN_UNGUARDED_AVAILABILITY = YES_AGGRESSIVE;
				CLANG_WARN_UNREACHABLE_CODE = YES;
				CLANG_WARN__DUPLICATE_METHOD_MATCH = YES;
				COPY_PHASE_STRIP = NO;
				DEBUG_INFORMATION_FORMAT = dwarf;
				ENABLE_STRICT_OBJC_MSGSEND = YES;
				ENABLE_TESTABILITY = YES;
				GCC_C_LANGUAGE_STANDARD = gnu11;
				GCC_DYNAMIC_NO_PIC = NO;
				GCC_NO_COMMON_BLOCKS = YES;
				GCC_OPTIMIZATION_LEVEL = 0;
				GCC_PREPROCESSOR_DEFINITIONS = (
					"DEBUG=1",
					"$(inherited)",
				);
				GCC_WARN_64_TO_32_BIT_CONVERSION = YES;
				GCC_WARN_ABOUT_RETURN_TYPE = YES_ERROR;
				GCC_WARN_UNDECLARED_SELECTOR = YES;
				GCC_WARN_UNINITIALIZED_AUTOS = YES_AGGRESSIVE;
				GCC_WARN_UNUSED_FUNCTION = YES;
				GCC_WARN_UNUSED_VARIABLE = YES;
				IPHONEOS_DEPLOYMENT_TARGET = 14.3;
				MTL_ENABLE_DEBUG_INFO = INCLUDE_SOURCE;
				MTL_FAST_MATH = YES;
				ONLY_ACTIVE_ARCH = YES;
				SDKROOT = iphoneos;
				SWIFT_ACTIVE_COMPILATION_CONDITIONS = DEBUG;
				SWIFT_OPTIMIZATION_LEVEL = "-Onone";
			};
			name = Debug;
		};
		455FC104260CBBB4001406B1 /* Release */ = {
			isa = XCBuildConfiguration;
			buildSettings = {
				ALWAYS_SEARCH_USER_PATHS = NO;
				CLANG_ANALYZER_NONNULL = YES;
				CLANG_ANALYZER_NUMBER_OBJECT_CONVERSION = YES_AGGRESSIVE;
				CLANG_CXX_LANGUAGE_STANDARD = "gnu++14";
				CLANG_CXX_LIBRARY = "libc++";
				CLANG_ENABLE_MODULES = YES;
				CLANG_ENABLE_OBJC_ARC = YES;
				CLANG_ENABLE_OBJC_WEAK = YES;
				CLANG_WARN_BLOCK_CAPTURE_AUTORELEASING = YES;
				CLANG_WARN_BOOL_CONVERSION = YES;
				CLANG_WARN_COMMA = YES;
				CLANG_WARN_CONSTANT_CONVERSION = YES;
				CLANG_WARN_DEPRECATED_OBJC_IMPLEMENTATIONS = YES;
				CLANG_WARN_DIRECT_OBJC_ISA_USAGE = YES_ERROR;
				CLANG_WARN_DOCUMENTATION_COMMENTS = YES;
				CLANG_WARN_EMPTY_BODY = YES;
				CLANG_WARN_ENUM_CONVERSION = YES;
				CLANG_WARN_INFINITE_RECURSION = YES;
				CLANG_WARN_INT_CONVERSION = YES;
				CLANG_WARN_NON_LITERAL_NULL_CONVERSION = YES;
				CLANG_WARN_OBJC_IMPLICIT_RETAIN_SELF = YES;
				CLANG_WARN_OBJC_LITERAL_CONVERSION = YES;
				CLANG_WARN_OBJC_ROOT_CLASS = YES_ERROR;
				CLANG_WARN_QUOTED_INCLUDE_IN_FRAMEWORK_HEADER = YES;
				CLANG_WARN_RANGE_LOOP_ANALYSIS = YES;
				CLANG_WARN_STRICT_PROTOTYPES = YES;
				CLANG_WARN_SUSPICIOUS_MOVE = YES;
				CLANG_WARN_UNGUARDED_AVAILABILITY = YES_AGGRESSIVE;
				CLANG_WARN_UNREACHABLE_CODE = YES;
				CLANG_WARN__DUPLICATE_METHOD_MATCH = YES;
				COPY_PHASE_STRIP = NO;
				DEBUG_INFORMATION_FORMAT = "dwarf-with-dsym";
				ENABLE_NS_ASSERTIONS = NO;
				ENABLE_STRICT_OBJC_MSGSEND = YES;
				GCC_C_LANGUAGE_STANDARD = gnu11;
				GCC_NO_COMMON_BLOCKS = YES;
				GCC_WARN_64_TO_32_BIT_CONVERSION = YES;
				GCC_WARN_ABOUT_RETURN_TYPE = YES_ERROR;
				GCC_WARN_UNDECLARED_SELECTOR = YES;
				GCC_WARN_UNINITIALIZED_AUTOS = YES_AGGRESSIVE;
				GCC_WARN_UNUSED_FUNCTION = YES;
				GCC_WARN_UNUSED_VARIABLE = YES;
				IPHONEOS_DEPLOYMENT_TARGET = 14.3;
				MTL_ENABLE_DEBUG_INFO = NO;
				MTL_FAST_MATH = YES;
				SDKROOT = iphoneos;
				SWIFT_COMPILATION_MODE = wholemodule;
				SWIFT_OPTIMIZATION_LEVEL = "-O";
				VALIDATE_PRODUCT = YES;
			};
			name = Release;
		};
		455FC106260CBBB4001406B1 /* Debug */ = {
			isa = XCBuildConfiguration;
			baseConfigurationReference = 8357C600CC18AB9C8BCA0325 /* Pods-Contacts.debug.xcconfig */;
			buildSettings = {
				ASSETCATALOG_COMPILER_APPICON_NAME = AppIcon;
				ASSETCATALOG_COMPILER_GLOBAL_ACCENT_COLOR_NAME = AccentColor;
				CODE_SIGN_STYLE = Automatic;
				DEVELOPMENT_TEAM = RE4YFXSB23;
				INFOPLIST_FILE = Contacts/Plists/Info.plist;
				IPHONEOS_DEPLOYMENT_TARGET = 13.0;
				LD_RUNPATH_SEARCH_PATHS = (
					"$(inherited)",
					"@executable_path/Frameworks",
				);
				MARKETING_VERSION = 1.0.0;
				PRODUCT_BUNDLE_IDENTIFIER = com.glennposadas.sampleapps.contacts;
				PRODUCT_NAME = "$(TARGET_NAME)";
				SWIFT_VERSION = 5.0;
				TARGETED_DEVICE_FAMILY = "1,2";
			};
			name = Debug;
		};
		455FC107260CBBB4001406B1 /* Release */ = {
			isa = XCBuildConfiguration;
			baseConfigurationReference = 8CDD7E6DE79D12C84B3C9F35 /* Pods-Contacts.release.xcconfig */;
			buildSettings = {
				ASSETCATALOG_COMPILER_APPICON_NAME = AppIcon;
				ASSETCATALOG_COMPILER_GLOBAL_ACCENT_COLOR_NAME = AccentColor;
				CODE_SIGN_STYLE = Automatic;
				DEVELOPMENT_TEAM = RE4YFXSB23;
				INFOPLIST_FILE = Contacts/Plists/Info.plist;
				IPHONEOS_DEPLOYMENT_TARGET = 13.0;
				LD_RUNPATH_SEARCH_PATHS = (
					"$(inherited)",
					"@executable_path/Frameworks",
				);
				MARKETING_VERSION = 1.0.0;
				PRODUCT_BUNDLE_IDENTIFIER = com.glennposadas.sampleapps.contacts;
				PRODUCT_NAME = "$(TARGET_NAME)";
				SWIFT_VERSION = 5.0;
				TARGETED_DEVICE_FAMILY = "1,2";
			};
			name = Release;
		};
		45C8A59F260CE86E005A1E69 /* Debug */ = {
			isa = XCBuildConfiguration;
			baseConfigurationReference = 4239694E03CF5CF8356D97E4 /* Pods-ContactsTests.debug.xcconfig */;
			buildSettings = {
				BUNDLE_LOADER = "$(TEST_HOST)";
				CODE_SIGN_STYLE = Automatic;
				DEVELOPMENT_TEAM = RE4YFXSB23;
				INFOPLIST_FILE = ContactsTests/Info.plist;
				LD_RUNPATH_SEARCH_PATHS = (
					"$(inherited)",
					"@executable_path/Frameworks",
					"@loader_path/Frameworks",
				);
				PRODUCT_BUNDLE_IDENTIFIER = com.glennposadas.sampleapps.contacts.ContactsTests;
				PRODUCT_NAME = "$(TARGET_NAME)";
				SWIFT_VERSION = 5.0;
				TARGETED_DEVICE_FAMILY = "1,2";
				TEST_HOST = "$(BUILT_PRODUCTS_DIR)/Contacts.app/Contacts";
			};
			name = Debug;
		};
		45C8A5A0260CE86E005A1E69 /* Release */ = {
			isa = XCBuildConfiguration;
			baseConfigurationReference = 1B78C8AB133A0038AF86002A /* Pods-ContactsTests.release.xcconfig */;
			buildSettings = {
				BUNDLE_LOADER = "$(TEST_HOST)";
				CODE_SIGN_STYLE = Automatic;
				DEVELOPMENT_TEAM = RE4YFXSB23;
				INFOPLIST_FILE = ContactsTests/Info.plist;
				LD_RUNPATH_SEARCH_PATHS = (
					"$(inherited)",
					"@executable_path/Frameworks",
					"@loader_path/Frameworks",
				);
				PRODUCT_BUNDLE_IDENTIFIER = com.glennposadas.sampleapps.contacts.ContactsTests;
				PRODUCT_NAME = "$(TARGET_NAME)";
				SWIFT_VERSION = 5.0;
				TARGETED_DEVICE_FAMILY = "1,2";
				TEST_HOST = "$(BUILT_PRODUCTS_DIR)/Contacts.app/Contacts";
			};
			name = Release;
		};
		45C8A5AF260CE877005A1E69 /* Debug */ = {
			isa = XCBuildConfiguration;
			buildSettings = {
				CODE_SIGN_STYLE = Automatic;
				DEVELOPMENT_TEAM = RE4YFXSB23;
				INFOPLIST_FILE = ContactsUITests/Info.plist;
				LD_RUNPATH_SEARCH_PATHS = (
					"$(inherited)",
					"@executable_path/Frameworks",
					"@loader_path/Frameworks",
				);
				PRODUCT_BUNDLE_IDENTIFIER = com.glennposadas.sampleapps.contacts.ContactsUITests;
				PRODUCT_NAME = "$(TARGET_NAME)";
				SWIFT_VERSION = 5.0;
				TARGETED_DEVICE_FAMILY = "1,2";
				TEST_TARGET_NAME = Contacts;
			};
			name = Debug;
		};
		45C8A5B0260CE877005A1E69 /* Release */ = {
			isa = XCBuildConfiguration;
			buildSettings = {
				CODE_SIGN_STYLE = Automatic;
				DEVELOPMENT_TEAM = RE4YFXSB23;
				INFOPLIST_FILE = ContactsUITests/Info.plist;
				LD_RUNPATH_SEARCH_PATHS = (
					"$(inherited)",
					"@executable_path/Frameworks",
					"@loader_path/Frameworks",
				);
				PRODUCT_BUNDLE_IDENTIFIER = com.glennposadas.sampleapps.contacts.ContactsUITests;
				PRODUCT_NAME = "$(TARGET_NAME)";
				SWIFT_VERSION = 5.0;
				TARGETED_DEVICE_FAMILY = "1,2";
				TEST_TARGET_NAME = Contacts;
			};
			name = Release;
		};
/* End XCBuildConfiguration section */

/* Begin XCConfigurationList section */
		455FC0D3260CBBB2001406B1 /* Build configuration list for PBXProject "Contacts" */ = {
			isa = XCConfigurationList;
			buildConfigurations = (
				455FC103260CBBB4001406B1 /* Debug */,
				455FC104260CBBB4001406B1 /* Release */,
			);
			defaultConfigurationIsVisible = 0;
			defaultConfigurationName = Release;
		};
		455FC105260CBBB4001406B1 /* Build configuration list for PBXNativeTarget "Contacts" */ = {
			isa = XCConfigurationList;
			buildConfigurations = (
				455FC106260CBBB4001406B1 /* Debug */,
				455FC107260CBBB4001406B1 /* Release */,
			);
			defaultConfigurationIsVisible = 0;
			defaultConfigurationName = Release;
		};
		45C8A59E260CE86E005A1E69 /* Build configuration list for PBXNativeTarget "ContactsTests" */ = {
			isa = XCConfigurationList;
			buildConfigurations = (
				45C8A59F260CE86E005A1E69 /* Debug */,
				45C8A5A0260CE86E005A1E69 /* Release */,
			);
			defaultConfigurationIsVisible = 0;
			defaultConfigurationName = Release;
		};
		45C8A5AE260CE877005A1E69 /* Build configuration list for PBXNativeTarget "ContactsUITests" */ = {
			isa = XCConfigurationList;
			buildConfigurations = (
				45C8A5AF260CE877005A1E69 /* Debug */,
				45C8A5B0260CE877005A1E69 /* Release */,
			);
			defaultConfigurationIsVisible = 0;
			defaultConfigurationName = Release;
		};
/* End XCConfigurationList section */

/* Begin XCVersionGroup section */
		455FC0E4260CBBB2001406B1 /* Chaos.xcdatamodeld */ = {
			isa = XCVersionGroup;
			children = (
				455FC0E5260CBBB2001406B1 /* Chaos.xcdatamodel */,
			);
			currentVersion = 455FC0E5260CBBB2001406B1 /* Chaos.xcdatamodel */;
			path = Chaos.xcdatamodeld;
			sourceTree = "<group>";
			versionGroupType = wrapper.xcdatamodel;
		};
/* End XCVersionGroup section */
	};
	rootObject = 455FC0D0260CBBB2001406B1 /* Project object */;
}
